<?xml version="1.0" encoding="utf-8"?>
<Project ToolsVersion="4.0" xmlns="http://schemas.microsoft.com/developer/msbuild/2003">
  <ItemGroup>
    <Filter Include="Source Files">
      <UniqueIdentifier>{4FC737F1-C7A5-4376-A066-2A32D752A2FF}</UniqueIdentifier>
      <Extensions>cpp;c;cc;cxx;def;odl;idl;hpj;bat;asm;asmx</Extensions>
    </Filter>
    <Filter Include="Header Files">
      <UniqueIdentifier>{93995380-89BD-4b04-88EB-625FBE52EBFB}</UniqueIdentifier>
      <Extensions>h;hh;hpp;hxx;hm;inl;inc;xsd</Extensions>
    </Filter>
    <Filter Include="Resource Files">
      <UniqueIdentifier>{67DA6AB6-F800-4c08-8B7A-83BB121AAD01}</UniqueIdentifier>
      <Extensions>rc;ico;cur;bmp;dlg;rc2;rct;bin;rgs;gif;jpg;jpeg;jpe;resx;tiff;tif;png;wav;mfcribbon-ms</Extensions>
    </Filter>
    <Filter Include="Drawing Objects">
      <UniqueIdentifier>{ef8fbb46-8598-4ea8-af69-a688f2be4a71}</UniqueIdentifier>
    </Filter>
    <Filter Include="Drawing Objects\Brush">
      <UniqueIdentifier>{38e2be1d-9dac-42e7-add4-3ee61449420a}</UniqueIdentifier>
    </Filter>
    <Filter Include="Header Files\includes">
      <UniqueIdentifier>{e8e91384-0ebd-4a4c-b14e-1e438d788dbb}</UniqueIdentifier>
    </Filter>
    <Filter Include="Drawing Objects\WindowSize">
      <UniqueIdentifier>{e42f1454-e995-47ba-94d3-cdac750d1394}</UniqueIdentifier>
    </Filter>
  </ItemGroup>
  <ItemGroup>
    <Text Include="ReadMe.txt" />
  </ItemGroup>
  <ItemGroup>
    <ClInclude Include="stdafx.h">
      <Filter>Header Files</Filter>
    </ClInclude>
    <ClInclude Include="targetver.h">
      <Filter>Header Files</Filter>
    </ClInclude>
    <ClInclude Include="Resource.h">
      <Filter>Header Files</Filter>
    </ClInclude>
    <ClInclude Include="Dungeon_Theater.h">
      <Filter>Header Files</Filter>
    </ClInclude>
    <ClInclude Include="Brush.h">
      <Filter>Drawing Objects\Brush</Filter>
    </ClInclude>
    <ClInclude Include="defines.h">
      <Filter>Header Files\includes</Filter>
    </ClInclude>
    <ClInclude Include="WindowSize.h">
      <Filter>Drawing Objects\WindowSize</Filter>
    </ClInclude>
  </ItemGroup>
  <ItemGroup>
    <ClCompile Include="stdafx.cpp">
      <Filter>Source Files</Filter>
    </ClCompile>
    <ClCompile Include="Dungeon_Theater.cpp">
      <Filter>Source Files</Filter>
    </ClCompile>
    <ClCompile Include="Brush.cpp">
      <Filter>Drawing Objects\Brush</Filter>
    </ClCompile>
    <ClCompile Include="WindowSize.cpp">
      <Filter>Drawing Objects\WindowSize</Filter>
    </ClCompile>
  </ItemGroup>
  <ItemGroup>
    <ResourceCompile Include="Dungeon_Theater.rc">
      <Filter>Resource Files</Filter>
    </ResourceCompile>
  </ItemGroup>
  <ItemGroup>
    <Image Include="small.ico">
      <Filter>Resource Files</Filter>
    </Image>
    <Image Include="Dungeon_Theater.ico">
      <Filter>Resource Files</Filter>
    </Image>
  </ItemGroup>
</Project>